// !$*UTF8*$!
{
	archiveVersion = 1;
	classes = {
	};
	objectVersion = 55;
	objects = {

/* Begin PBXBuildFile section */
		3472596C2739F6DC00C17710 /* EmojiArtApp.swift in Sources */ = {isa = PBXBuildFile; fileRef = 3472596B2739F6DC00C17710 /* EmojiArtApp.swift */; };
		347259702739F6DE00C17710 /* Assets.xcassets in Resources */ = {isa = PBXBuildFile; fileRef = 3472596F2739F6DE00C17710 /* Assets.xcassets */; };
		347259732739F6DE00C17710 /* Preview Assets.xcassets in Resources */ = {isa = PBXBuildFile; fileRef = 347259722739F6DE00C17710 /* Preview Assets.xcassets */; };
		347259852739F70900C17710 /* Collection.swift in Sources */ = {isa = PBXBuildFile; fileRef = 3472597A2739F70900C17710 /* Collection.swift */; };
		347259862739F70A00C17710 /* EmojiArtModel.swift in Sources */ = {isa = PBXBuildFile; fileRef = 3472597C2739F70900C17710 /* EmojiArtModel.swift */; };
		347259872739F70A00C17710 /* EmojiArtModel.Background.swift in Sources */ = {isa = PBXBuildFile; fileRef = 3472597D2739F70900C17710 /* EmojiArtModel.Background.swift */; };
		347259882739F70A00C17710 /* EmojiArtDocument.swift in Sources */ = {isa = PBXBuildFile; fileRef = 347259812739F70900C17710 /* EmojiArtDocument.swift */; };
		347259892739F70A00C17710 /* EmojiArtDocumentView.swift in Sources */ = {isa = PBXBuildFile; fileRef = 347259832739F70900C17710 /* EmojiArtDocumentView.swift */; };
		3472598B2739FCE900C17710 /* CGRect.swift in Sources */ = {isa = PBXBuildFile; fileRef = 3472598A2739FCE900C17710 /* CGRect.swift */; };
		3472598D2739FEBE00C17710 /* Array.swift in Sources */ = {isa = PBXBuildFile; fileRef = 3472598C2739FEBE00C17710 /* Array.swift */; };
		3472598F273A012600C17710 /* Character.swift in Sources */ = {isa = PBXBuildFile; fileRef = 3472598E273A012600C17710 /* Character.swift */; };
		34725992273A0BED00C17710 /* URL.swift in Sources */ = {isa = PBXBuildFile; fileRef = 34725991273A0BED00C17710 /* URL.swift */; };
		34725994273A107700C17710 /* Image.swift in Sources */ = {isa = PBXBuildFile; fileRef = 34725993273A107700C17710 /* Image.swift */; };
		34725996273A44BB00C17710 /* CGSize.swift in Sources */ = {isa = PBXBuildFile; fileRef = 34725995273A44BB00C17710 /* CGSize.swift */; };
/* End PBXBuildFile section */

/* Begin PBXFileReference section */
		347259682739F6DC00C17710 /* EmojiArt.app */ = {isa = PBXFileReference; explicitFileType = wrapper.application; includeInIndex = 0; path = EmojiArt.app; sourceTree = BUILT_PRODUCTS_DIR; };
		3472596B2739F6DC00C17710 /* EmojiArtApp.swift */ = {isa = PBXFileReference; lastKnownFileType = sourcecode.swift; path = EmojiArtApp.swift; sourceTree = "<group>"; };
		3472596F2739F6DE00C17710 /* Assets.xcassets */ = {isa = PBXFileReference; lastKnownFileType = folder.assetcatalog; path = Assets.xcassets; sourceTree = "<group>"; };
		347259722739F6DE00C17710 /* Preview Assets.xcassets */ = {isa = PBXFileReference; lastKnownFileType = folder.assetcatalog; path = "Preview Assets.xcassets"; sourceTree = "<group>"; };
		3472597A2739F70900C17710 /* Collection.swift */ = {isa = PBXFileReference; fileEncoding = 4; lastKnownFileType = sourcecode.swift; path = Collection.swift; sourceTree = "<group>"; };
		3472597C2739F70900C17710 /* EmojiArtModel.swift */ = {isa = PBXFileReference; fileEncoding = 4; lastKnownFileType = sourcecode.swift; path = EmojiArtModel.swift; sourceTree = "<group>"; };
		3472597D2739F70900C17710 /* EmojiArtModel.Background.swift */ = {isa = PBXFileReference; fileEncoding = 4; lastKnownFileType = sourcecode.swift; path = EmojiArtModel.Background.swift; sourceTree = "<group>"; };
		347259812739F70900C17710 /* EmojiArtDocument.swift */ = {isa = PBXFileReference; fileEncoding = 4; lastKnownFileType = sourcecode.swift; path = EmojiArtDocument.swift; sourceTree = "<group>"; };
		347259832739F70900C17710 /* EmojiArtDocumentView.swift */ = {isa = PBXFileReference; fileEncoding = 4; lastKnownFileType = sourcecode.swift; path = EmojiArtDocumentView.swift; sourceTree = "<group>"; };
		3472598A2739FCE900C17710 /* CGRect.swift */ = {isa = PBXFileReference; lastKnownFileType = sourcecode.swift; path = CGRect.swift; sourceTree = "<group>"; };
		3472598C2739FEBE00C17710 /* Array.swift */ = {isa = PBXFileReference; lastKnownFileType = sourcecode.swift; path = Array.swift; sourceTree = "<group>"; };
		3472598E273A012600C17710 /* Character.swift */ = {isa = PBXFileReference; lastKnownFileType = sourcecode.swift; path = Character.swift; sourceTree = "<group>"; };
		34725990273A04A000C17710 /* EmojiArt.entitlements */ = {isa = PBXFileReference; lastKnownFileType = text.plist.entitlements; path = EmojiArt.entitlements; sourceTree = "<group>"; };
		34725991273A0BED00C17710 /* URL.swift */ = {isa = PBXFileReference; lastKnownFileType = sourcecode.swift; path = URL.swift; sourceTree = "<group>"; };
		34725993273A107700C17710 /* Image.swift */ = {isa = PBXFileReference; lastKnownFileType = sourcecode.swift; path = Image.swift; sourceTree = "<group>"; };
		34725995273A44BB00C17710 /* CGSize.swift */ = {isa = PBXFileReference; lastKnownFileType = sourcecode.swift; path = CGSize.swift; sourceTree = "<group>"; };
/* End PBXFileReference section */

/* Begin PBXFrameworksBuildPhase section */
		347259652739F6DC00C17710 /* Frameworks */ = {
			isa = PBXFrameworksBuildPhase;
			buildActionMask = 2147483647;
			files = (
			);
			runOnlyForDeploymentPostprocessing = 0;
		};
/* End PBXFrameworksBuildPhase section */

/* Begin PBXGroup section */
		3472595F2739F6DC00C17710 = {
			isa = PBXGroup;
			children = (
				3472596A2739F6DC00C17710 /* EmojiArt */,
				347259692739F6DC00C17710 /* Products */,
			);
			sourceTree = "<group>";
		};
		347259692739F6DC00C17710 /* Products */ = {
			isa = PBXGroup;
			children = (
				347259682739F6DC00C17710 /* EmojiArt.app */,
			);
			name = Products;
			sourceTree = "<group>";
		};
		3472596A2739F6DC00C17710 /* EmojiArt */ = {
			isa = PBXGroup;
			children = (
				34725990273A04A000C17710 /* EmojiArt.entitlements */,
				3472597E2739F70900C17710 /* Core */,
				347259792739F70900C17710 /* Extensions */,
				3472597B2739F70900C17710 /* Model */,
				347259842739F70900C17710 /* Utils */,
				3472596B2739F6DC00C17710 /* EmojiArtApp.swift */,
				3472596F2739F6DE00C17710 /* Assets.xcassets */,
				347259712739F6DE00C17710 /* Preview Content */,
			);
			path = EmojiArt;
			sourceTree = "<group>";
		};
		347259712739F6DE00C17710 /* Preview Content */ = {
			isa = PBXGroup;
			children = (
				347259722739F6DE00C17710 /* Preview Assets.xcassets */,
			);
			path = "Preview Content";
			sourceTree = "<group>";
		};
		347259792739F70900C17710 /* Extensions */ = {
			isa = PBXGroup;
			children = (
				3472597A2739F70900C17710 /* Collection.swift */,
				3472598A2739FCE900C17710 /* CGRect.swift */,
				3472598C2739FEBE00C17710 /* Array.swift */,
				3472598E273A012600C17710 /* Character.swift */,
				34725991273A0BED00C17710 /* URL.swift */,
				34725993273A107700C17710 /* Image.swift */,
				34725995273A44BB00C17710 /* CGSize.swift */,
			);
			path = Extensions;
			sourceTree = "<group>";
		};
		3472597B2739F70900C17710 /* Model */ = {
			isa = PBXGroup;
			children = (
				3472597C2739F70900C17710 /* EmojiArtModel.swift */,
				3472597D2739F70900C17710 /* EmojiArtModel.Background.swift */,
			);
			path = Model;
			sourceTree = "<group>";
		};
		3472597E2739F70900C17710 /* Core */ = {
			isa = PBXGroup;
			children = (
				3472597F2739F70900C17710 /* Home */,
			);
			path = Core;
			sourceTree = "<group>";
		};
		3472597F2739F70900C17710 /* Home */ = {
			isa = PBXGroup;
			children = (
				347259802739F70900C17710 /* ViewModel */,
				347259822739F70900C17710 /* View */,
			);
			path = Home;
			sourceTree = "<group>";
		};
		347259802739F70900C17710 /* ViewModel */ = {
			isa = PBXGroup;
			children = (
				347259812739F70900C17710 /* EmojiArtDocument.swift */,
			);
			path = ViewModel;
			sourceTree = "<group>";
		};
		347259822739F70900C17710 /* View */ = {
			isa = PBXGroup;
			children = (
				347259832739F70900C17710 /* EmojiArtDocumentView.swift */,
			);
			path = View;
			sourceTree = "<group>";
		};
		347259842739F70900C17710 /* Utils */ = {
			isa = PBXGroup;
			children = (
			);
			path = Utils;
			sourceTree = "<group>";
		};
/* End PBXGroup section */

/* Begin PBXNativeTarget section */
		347259672739F6DC00C17710 /* EmojiArt */ = {
			isa = PBXNativeTarget;
			buildConfigurationList = 347259762739F6DE00C17710 /* Build configuration list for PBXNativeTarget "EmojiArt" */;
			buildPhases = (
				347259642739F6DC00C17710 /* Sources */,
				347259652739F6DC00C17710 /* Frameworks */,
				347259662739F6DC00C17710 /* Resources */,
			);
			buildRules = (
			);
			dependencies = (
			);
			name = EmojiArt;
			productName = EmojiArt;
			productReference = 347259682739F6DC00C17710 /* EmojiArt.app */;
			productType = "com.apple.product-type.application";
		};
/* End PBXNativeTarget section */

/* Begin PBXProject section */
		347259602739F6DC00C17710 /* Project object */ = {
			isa = PBXProject;
			attributes = {
				BuildIndependentTargetsInParallel = 1;
				LastSwiftUpdateCheck = 1310;
				LastUpgradeCheck = 1310;
				TargetAttributes = {
					347259672739F6DC00C17710 = {
						CreatedOnToolsVersion = 13.1;
					};
				};
			};
			buildConfigurationList = 347259632739F6DC00C17710 /* Build configuration list for PBXProject "EmojiArt" */;
			compatibilityVersion = "Xcode 13.0";
			developmentRegion = en;
			hasScannedForEncodings = 0;
			knownRegions = (
				en,
				Base,
			);
			mainGroup = 3472595F2739F6DC00C17710;
			productRefGroup = 347259692739F6DC00C17710 /* Products */;
			projectDirPath = "";
			projectRoot = "";
			targets = (
				347259672739F6DC00C17710 /* EmojiArt */,
			);
		};
/* End PBXProject section */

/* Begin PBXResourcesBuildPhase section */
		347259662739F6DC00C17710 /* Resources */ = {
			isa = PBXResourcesBuildPhase;
			buildActionMask = 2147483647;
			files = (
				347259732739F6DE00C17710 /* Preview Assets.xcassets in Resources */,
				347259702739F6DE00C17710 /* Assets.xcassets in Resources */,
			);
			runOnlyForDeploymentPostprocessing = 0;
		};
/* End PBXResourcesBuildPhase section */

/* Begin PBXSourcesBuildPhase section */
		347259642739F6DC00C17710 /* Sources */ = {
			isa = PBXSourcesBuildPhase;
			buildActionMask = 2147483647;
			files = (
				3472598F273A012600C17710 /* Character.swift in Sources */,
				347259852739F70900C17710 /* Collection.swift in Sources */,
				347259882739F70A00C17710 /* EmojiArtDocument.swift in Sources */,
				347259862739F70A00C17710 /* EmojiArtModel.swift in Sources */,
				34725996273A44BB00C17710 /* CGSize.swift in Sources */,
				34725994273A107700C17710 /* Image.swift in Sources */,
				347259892739F70A00C17710 /* EmojiArtDocumentView.swift in Sources */,
				3472596C2739F6DC00C17710 /* EmojiArtApp.swift in Sources */,
				3472598D2739FEBE00C17710 /* Array.swift in Sources */,
				347259872739F70A00C17710 /* EmojiArtModel.Background.swift in Sources */,
				3472598B2739FCE900C17710 /* CGRect.swift in Sources */,
				34725992273A0BED00C17710 /* URL.swift in Sources */,
			);
			runOnlyForDeploymentPostprocessing = 0;
		};
/* End PBXSourcesBuildPhase section */

/* Begin XCBuildConfiguration section */
		347259742739F6DE00C17710 /* Debug */ = {
			isa = XCBuildConfiguration;
			buildSettings = {
				ALWAYS_SEARCH_USER_PATHS = NO;
				CLANG_ANALYZER_NONNULL = YES;
				CLANG_ANALYZER_NUMBER_OBJECT_CONVERSION = YES_AGGRESSIVE;
				CLANG_CXX_LANGUAGE_STANDARD = "gnu++17";
				CLANG_CXX_LIBRARY = "libc++";
				CLANG_ENABLE_MODULES = YES;
				CLANG_ENABLE_OBJC_ARC = YES;
				CLANG_ENABLE_OBJC_WEAK = YES;
				CLANG_WARN_BLOCK_CAPTURE_AUTORELEASING = YES;
				CLANG_WARN_BOOL_CONVERSION = YES;
				CLANG_WARN_COMMA = YES;
				CLANG_WARN_CONSTANT_CONVERSION = YES;
				CLANG_WARN_DEPRECATED_OBJC_IMPLEMENTATIONS = YES;
				CLANG_WARN_DIRECT_OBJC_ISA_USAGE = YES_ERROR;
				CLANG_WARN_DOCUMENTATION_COMMENTS = YES;
				CLANG_WARN_EMPTY_BODY = YES;
				CLANG_WARN_ENUM_CONVERSION = YES;
				CLANG_WARN_INFINITE_RECURSION = YES;
				CLANG_WARN_INT_CONVERSION = YES;
				CLANG_WARN_NON_LITERAL_NULL_CONVERSION = YES;
				CLANG_WARN_OBJC_IMPLICIT_RETAIN_SELF = YES;
				CLANG_WARN_OBJC_LITERAL_CONVERSION = YES;
				CLANG_WARN_OBJC_ROOT_CLASS = YES_ERROR;
				CLANG_WARN_QUOTED_INCLUDE_IN_FRAMEWORK_HEADER = YES;
				CLANG_WARN_RANGE_LOOP_ANALYSIS = YES;
				CLANG_WARN_STRICT_PROTOTYPES = YES;
				CLANG_WARN_SUSPICIOUS_MOVE = YES;
				CLANG_WARN_UNGUARDED_AVAILABILITY = YES_AGGRESSIVE;
				CLANG_WARN_UNREACHABLE_CODE = YES;
				CLANG_WARN__DUPLICATE_METHOD_MATCH = YES;
				COPY_PHASE_STRIP = NO;
				DEBUG_INFORMATION_FORMAT = dwarf;
				ENABLE_STRICT_OBJC_MSGSEND = YES;
				ENABLE_TESTABILITY = YES;
				GCC_C_LANGUAGE_STANDARD = gnu11;
				GCC_DYNAMIC_NO_PIC = NO;
				GCC_NO_COMMON_BLOCKS = YES;
				GCC_OPTIMIZATION_LEVEL = 0;
				GCC_PREPROCESSOR_DEFINITIONS = (
					"DEBUG=1",
					"$(inherited)",
				);
				GCC_WARN_64_TO_32_BIT_CONVERSION = YES;
				GCC_WARN_ABOUT_RETURN_TYPE = YES_ERROR;
				GCC_WARN_UNDECLARED_SELECTOR = YES;
				GCC_WARN_UNINITIALIZED_AUTOS = YES_AGGRESSIVE;
				GCC_WARN_UNUSED_FUNCTION = YES;
				GCC_WARN_UNUSED_VARIABLE = YES;
				IPHONEOS_DEPLOYMENT_TARGET = 15.0;
				MTL_ENABLE_DEBUG_INFO = INCLUDE_SOURCE;
				MTL_FAST_MATH = YES;
				ONLY_ACTIVE_ARCH = YES;
				SDKROOT = iphoneos;
				SWIFT_ACTIVE_COMPILATION_CONDITIONS = DEBUG;
				SWIFT_OPTIMIZATION_LEVEL = "-Onone";
			};
			name = Debug;
		};
		347259752739F6DE00C17710 /* Release */ = {
			isa = XCBuildConfiguration;
			buildSettings = {
				ALWAYS_SEARCH_USER_PATHS = NO;
				CLANG_ANALYZER_NONNULL = YES;
				CLANG_ANALYZER_NUMBER_OBJECT_CONVERSION = YES_AGGRESSIVE;
				CLANG_CXX_LANGUAGE_STANDARD = "gnu++17";
				CLANG_CXX_LIBRARY = "libc++";
				CLANG_ENABLE_MODULES = YES;
				CLANG_ENABLE_OBJC_ARC = YES;
				CLANG_ENABLE_OBJC_WEAK = YES;
				CLANG_WARN_BLOCK_CAPTURE_AUTORELEASING = YES;
				CLANG_WARN_BOOL_CONVERSION = YES;
				CLANG_WARN_COMMA = YES;
				CLANG_WARN_CONSTANT_CONVERSION = YES;
				CLANG_WARN_DEPRECATED_OBJC_IMPLEMENTATIONS = YES;
				CLANG_WARN_DIRECT_OBJC_ISA_USAGE = YES_ERROR;
				CLANG_WARN_DOCUMENTATION_COMMENTS = YES;
				CLANG_WARN_EMPTY_BODY = YES;
				CLANG_WARN_ENUM_CONVERSION = YES;
				CLANG_WARN_INFINITE_RECURSION = YES;
				CLANG_WARN_INT_CONVERSION = YES;
				CLANG_WARN_NON_LITERAL_NULL_CONVERSION = YES;
				CLANG_WARN_OBJC_IMPLICIT_RETAIN_SELF = YES;
				CLANG_WARN_OBJC_LITERAL_CONVERSION = YES;
				CLANG_WARN_OBJC_ROOT_CLASS = YES_ERROR;
				CLANG_WARN_QUOTED_INCLUDE_IN_FRAMEWORK_HEADER = YES;
				CLANG_WARN_RANGE_LOOP_ANALYSIS = YES;
				CLANG_WARN_STRICT_PROTOTYPES = YES;
				CLANG_WARN_SUSPICIOUS_MOVE = YES;
				CLANG_WARN_UNGUARDED_AVAILABILITY = YES_AGGRESSIVE;
				CLANG_WARN_UNREACHABLE_CODE = YES;
				CLANG_WARN__DUPLICATE_METHOD_MATCH = YES;
				COPY_PHASE_STRIP = NO;
				DEBUG_INFORMATION_FORMAT = "dwarf-with-dsym";
				ENABLE_NS_ASSERTIONS = NO;
				ENABLE_STRICT_OBJC_MSGSEND = YES;
				GCC_C_LANGUAGE_STANDARD = gnu11;
				GCC_NO_COMMON_BLOCKS = YES;
				GCC_WARN_64_TO_32_BIT_CONVERSION = YES;
				GCC_WARN_ABOUT_RETURN_TYPE = YES_ERROR;
				GCC_WARN_UNDECLARED_SELECTOR = YES;
				GCC_WARN_UNINITIALIZED_AUTOS = YES_AGGRESSIVE;
				GCC_WARN_UNUSED_FUNCTION = YES;
				GCC_WARN_UNUSED_VARIABLE = YES;
				IPHONEOS_DEPLOYMENT_TARGET = 15.0;
				MTL_ENABLE_DEBUG_INFO = NO;
				MTL_FAST_MATH = YES;
				SDKROOT = iphoneos;
				SWIFT_COMPILATION_MODE = wholemodule;
				SWIFT_OPTIMIZATION_LEVEL = "-O";
				VALIDATE_PRODUCT = YES;
			};
			name = Release;
		};
		347259772739F6DE00C17710 /* Debug */ = {
			isa = XCBuildConfiguration;
			buildSettings = {
				ASSETCATALOG_COMPILER_APPICON_NAME = AppIcon;
				ASSETCATALOG_COMPILER_GLOBAL_ACCENT_COLOR_NAME = AccentColor;
				CODE_SIGN_ENTITLEMENTS = EmojiArt/EmojiArt.entitlements;
				CODE_SIGN_STYLE = Automatic;
				CURRENT_PROJECT_VERSION = 1;
				DEVELOPMENT_ASSET_PATHS = "\"EmojiArt/Preview Content\"";
				DEVELOPMENT_TEAM = T7FKXBRC5Q;
				ENABLE_PREVIEWS = YES;
				GENERATE_INFOPLIST_FILE = YES;
				INFOPLIST_KEY_UIApplicationSceneManifest_Generation = YES;
				INFOPLIST_KEY_UIApplicationSupportsIndirectInputEvents = YES;
				INFOPLIST_KEY_UILaunchScreen_Generation = YES;
				INFOPLIST_KEY_UISupportedInterfaceOrientations_iPad = "UIInterfaceOrientationPortrait UIInterfaceOrientationPortraitUpsideDown UIInterfaceOrientationLandscapeLeft UIInterfaceOrientationLandscapeRight";
				INFOPLIST_KEY_UISupportedInterfaceOrientations_iPhone = "UIInterfaceOrientationPortrait UIInterfaceOrientationLandscapeLeft UIInterfaceOrientationLandscapeRight";
				LD_RUNPATH_SEARCH_PATHS = (
					"$(inherited)",
					"@executable_path/Frameworks",
				);
				MARKETING_VERSION = 1.0;
				PRODUCT_BUNDLE_IDENTIFIER = enrique.EmojiArt;
				PRODUCT_NAME = "$(TARGET_NAME)";
				SUPPORTS_MACCATALYST = YES;
				SWIFT_EMIT_LOC_STRINGS = YES;
				SWIFT_VERSION = 5.0;
				TARGETED_DEVICE_FAMILY = "1,2,6";
			};
			name = Debug;
		};
		347259782739F6DE00C17710 /* Release */ = {
			isa = XCBuildConfiguration;
			buildSettings = {
				ASSETCATALOG_COMPILER_APPICON_NAME = AppIcon;
				ASSETCATALOG_COMPILER_GLOBAL_ACCENT_COLOR_NAME = AccentColor;
				CODE_SIGN_ENTITLEMENTS = EmojiArt/EmojiArt.entitlements;
				CODE_SIGN_STYLE = Automatic;
				CURRENT_PROJECT_VERSION = 1;
				DEVELOPMENT_ASSET_PATHS = "\"EmojiArt/Preview Content\"";
				DEVELOPMENT_TEAM = T7FKXBRC5Q;
				ENABLE_PREVIEWS = YES;
				GENERATE_INFOPLIST_FILE = YES;
				INFOPLIST_KEY_UIApplicationSceneManifest_Generation = YES;
				INFOPLIST_KEY_UIApplicationSupportsIndirectInputEvents = YES;
				INFOPLIST_KEY_UILaunchScreen_Generation = YES;
				INFOPLIST_KEY_UISupportedInterfaceOrientations_iPad = "UIInterfaceOrientationPortrait UIInterfaceOrientationPortraitUpsideDown UIInterfaceOrientationLandscapeLeft UIInterfaceOrientationLandscapeRight";
				INFOPLIST_KEY_UISupportedInterfaceOrientations_iPhone = "UIInterfaceOrientationPortrait UIInterfaceOrientationLandscapeLeft UIInterfaceOrientationLandscapeRight";
				LD_RUNPATH_SEARCH_PATHS = (
					"$(inherited)",
					"@executable_path/Frameworks",
				);
				MARKETING_VERSION = 1.0;
				PRODUCT_BUNDLE_IDENTIFIER = enrique.EmojiArt;
				PRODUCT_NAME = "$(TARGET_NAME)";
				SUPPORTS_MACCATALYST = YES;
				SWIFT_EMIT_LOC_STRINGS = YES;
				SWIFT_VERSION = 5.0;
				TARGETED_DEVICE_FAMILY = "1,2,6";
			};
			name = Release;
		};
/* End XCBuildConfiguration section */

/* Begin XCConfigurationList section */
		347259632739F6DC00C17710 /* Build configuration list for PBXProject "EmojiArt" */ = {
			isa = XCConfigurationList;
			buildConfigurations = (
				347259742739F6DE00C17710 /* Debug */,
				347259752739F6DE00C17710 /* Release */,
			);
			defaultConfigurationIsVisible = 0;
			defaultConfigurationName = Release;
		};
		347259762739F6DE00C17710 /* Build configuration list for PBXNativeTarget "EmojiArt" */ = {
			isa = XCConfigurationList;
			buildConfigurations = (
				347259772739F6DE00C17710 /* Debug */,
				347259782739F6DE00C17710 /* Release */,
			);
			defaultConfigurationIsVisible = 0;
			defaultConfigurationName = Release;
		};
/* End XCConfigurationList section */
	};
	rootObject = 347259602739F6DC00C17710 /* Project object */;
}
